// !$*UTF8*$!
{
	archiveVersion = 1;
	classes = {
	};
	objectVersion = 50;
	objects = {

/* Begin PBXBuildFile section */
		CA59D8CE253A735E000D833A /* AppDelegate.swift in Sources */ = {isa = PBXBuildFile; fileRef = CA59D8CD253A735E000D833A /* AppDelegate.swift */; };
		CA59D8D0253A735E000D833A /* SceneDelegate.swift in Sources */ = {isa = PBXBuildFile; fileRef = CA59D8CF253A735E000D833A /* SceneDelegate.swift */; };
		CA59D8D5253A735E000D833A /* Main.storyboard in Resources */ = {isa = PBXBuildFile; fileRef = CA59D8D3253A735E000D833A /* Main.storyboard */; };
		CA59D8D7253A7361000D833A /* Assets.xcassets in Resources */ = {isa = PBXBuildFile; fileRef = CA59D8D6253A7361000D833A /* Assets.xcassets */; };
		CA59D8DA253A7361000D833A /* LaunchScreen.storyboard in Resources */ = {isa = PBXBuildFile; fileRef = CA59D8D8253A7361000D833A /* LaunchScreen.storyboard */; };
		CA59D8ED253A7B2E000D833A /* PostsViewController.swift in Sources */ = {isa = PBXBuildFile; fileRef = CA59D8EC253A7B2E000D833A /* PostsViewController.swift */; };
		CA59D8F1253A7DEA000D833A /* PostTableViewCell.swift in Sources */ = {isa = PBXBuildFile; fileRef = CA59D8F0253A7DEA000D833A /* PostTableViewCell.swift */; };
		CA59D8F5253A8F9D000D833A /* Post.swift in Sources */ = {isa = PBXBuildFile; fileRef = CA59D8F4253A8F9D000D833A /* Post.swift */; };
/* End PBXBuildFile section */

/* Begin PBXFileReference section */
		CA59D8CA253A735E000D833A /* HackerNewsReader.app */ = {isa = PBXFileReference; explicitFileType = wrapper.application; includeInIndex = 0; path = HackerNewsReader.app; sourceTree = BUILT_PRODUCTS_DIR; };
		CA59D8CD253A735E000D833A /* AppDelegate.swift */ = {isa = PBXFileReference; lastKnownFileType = sourcecode.swift; path = AppDelegate.swift; sourceTree = "<group>"; };
		CA59D8CF253A735E000D833A /* SceneDelegate.swift */ = {isa = PBXFileReference; lastKnownFileType = sourcecode.swift; path = SceneDelegate.swift; sourceTree = "<group>"; };
		CA59D8D4253A735E000D833A /* Base */ = {isa = PBXFileReference; lastKnownFileType = file.storyboard; name = Base; path = Base.lproj/Main.storyboard; sourceTree = "<group>"; };
		CA59D8D6253A7361000D833A /* Assets.xcassets */ = {isa = PBXFileReference; lastKnownFileType = folder.assetcatalog; path = Assets.xcassets; sourceTree = "<group>"; };
		CA59D8D9253A7361000D833A /* Base */ = {isa = PBXFileReference; lastKnownFileType = file.storyboard; name = Base; path = Base.lproj/LaunchScreen.storyboard; sourceTree = "<group>"; };
		CA59D8DB253A7361000D833A /* Info.plist */ = {isa = PBXFileReference; lastKnownFileType = text.plist.xml; path = Info.plist; sourceTree = "<group>"; };
		CA59D8EC253A7B2E000D833A /* PostsViewController.swift */ = {isa = PBXFileReference; lastKnownFileType = sourcecode.swift; path = PostsViewController.swift; sourceTree = "<group>"; };
		CA59D8F0253A7DEA000D833A /* PostTableViewCell.swift */ = {isa = PBXFileReference; lastKnownFileType = sourcecode.swift; path = PostTableViewCell.swift; sourceTree = "<group>"; };
		CA59D8F4253A8F9D000D833A /* Post.swift */ = {isa = PBXFileReference; lastKnownFileType = sourcecode.swift; path = Post.swift; sourceTree = "<group>"; };
/* End PBXFileReference section */

/* Begin PBXFrameworksBuildPhase section */
		CA59D8C7253A735E000D833A /* Frameworks */ = {
			isa = PBXFrameworksBuildPhase;
			buildActionMask = 2147483647;
			files = (
			);
			runOnlyForDeploymentPostprocessing = 0;
		};
/* End PBXFrameworksBuildPhase section */

/* Begin PBXGroup section */
		CA59D8C1253A735E000D833A = {
			isa = PBXGroup;
			children = (
				CA59D8CC253A735E000D833A /* HackerNewsReader */,
				CA59D8CB253A735E000D833A /* Products */,
			);
			sourceTree = "<group>";
		};
		CA59D8CB253A735E000D833A /* Products */ = {
			isa = PBXGroup;
			children = (
				CA59D8CA253A735E000D833A /* HackerNewsReader.app */,
			);
			name = Products;
			sourceTree = "<group>";
		};
		CA59D8CC253A735E000D833A /* HackerNewsReader */ = {
			isa = PBXGroup;
			children = (
				CA59D8E8253A797A000D833A /* service */,
				CA59D8E7253A796D000D833A /* helper */,
				CA59D8E6253A7954000D833A /* viewModel */,
				CA59D8E4253A7939000D833A /* view */,
				CA59D8E2253A7915000D833A /* model */,
				CA59D8CD253A735E000D833A /* AppDelegate.swift */,
				CA59D8CF253A735E000D833A /* SceneDelegate.swift */,
				CA59D8D6253A7361000D833A /* Assets.xcassets */,
				CA59D8DB253A7361000D833A /* Info.plist */,
			);
			path = HackerNewsReader;
			sourceTree = "<group>";
		};
		CA59D8E2253A7915000D833A /* model */ = {
			isa = PBXGroup;
			children = (
				CA59D8F4253A8F9D000D833A /* Post.swift */,
			);
			path = model;
			sourceTree = "<group>";
		};
		CA59D8E4253A7939000D833A /* view */ = {
			isa = PBXGroup;
			children = (
				CA59D8EF253A7DCD000D833A /* cells */,
				CA59D8EA253A79C9000D833A /* storyboards */,
				CA59D8EC253A7B2E000D833A /* PostsViewController.swift */,
			);
			path = view;
			sourceTree = "<group>";
		};
		CA59D8E6253A7954000D833A /* viewModel */ = {
			isa = PBXGroup;
			children = (
			);
			path = viewModel;
			sourceTree = "<group>";
		};
		CA59D8E7253A796D000D833A /* helper */ = {
			isa = PBXGroup;
			children = (
			);
			path = helper;
			sourceTree = "<group>";
		};
		CA59D8E8253A797A000D833A /* service */ = {
			isa = PBXGroup;
			children = (
			);
			path = service;
			sourceTree = "<group>";
		};
		CA59D8EA253A79C9000D833A /* storyboards */ = {
			isa = PBXGroup;
			children = (
				CA59D8D3253A735E000D833A /* Main.storyboard */,
				CA59D8D8253A7361000D833A /* LaunchScreen.storyboard */,
			);
			path = storyboards;
			sourceTree = "<group>";
		};
		CA59D8EF253A7DCD000D833A /* cells */ = {
			isa = PBXGroup;
			children = (
				CA59D8F0253A7DEA000D833A /* PostTableViewCell.swift */,
			);
			path = cells;
			sourceTree = "<group>";
		};
/* End PBXGroup section */

/* Begin PBXNativeTarget section */
		CA59D8C9253A735E000D833A /* HackerNewsReader */ = {
			isa = PBXNativeTarget;
			buildConfigurationList = CA59D8DE253A7361000D833A /* Build configuration list for PBXNativeTarget "HackerNewsReader" */;
			buildPhases = (
				CA59D8C6253A735E000D833A /* Sources */,
				CA59D8C7253A735E000D833A /* Frameworks */,
				CA59D8C8253A735E000D833A /* Resources */,
			);
			buildRules = (
			);
			dependencies = (
			);
			name = HackerNewsReader;
			productName = HackerNewsReader;
			productReference = CA59D8CA253A735E000D833A /* HackerNewsReader.app */;
			productType = "com.apple.product-type.application";
		};
/* End PBXNativeTarget section */

/* Begin PBXProject section */
		CA59D8C2253A735E000D833A /* Project object */ = {
			isa = PBXProject;
			attributes = {
				LastSwiftUpdateCheck = 1200;
				LastUpgradeCheck = 1200;
				TargetAttributes = {
					CA59D8C9253A735E000D833A = {
						CreatedOnToolsVersion = 12.0.1;
					};
				};
			};
			buildConfigurationList = CA59D8C5253A735E000D833A /* Build configuration list for PBXProject "HackerNewsReader" */;
			compatibilityVersion = "Xcode 9.3";
			developmentRegion = en;
			hasScannedForEncodings = 0;
			knownRegions = (
				en,
				Base,
			);
			mainGroup = CA59D8C1253A735E000D833A;
			productRefGroup = CA59D8CB253A735E000D833A /* Products */;
			projectDirPath = "";
			projectRoot = "";
			targets = (
				CA59D8C9253A735E000D833A /* HackerNewsReader */,
			);
		};
/* End PBXProject section */

/* Begin PBXResourcesBuildPhase section */
		CA59D8C8253A735E000D833A /* Resources */ = {
			isa = PBXResourcesBuildPhase;
			buildActionMask = 2147483647;
			files = (
				CA59D8DA253A7361000D833A /* LaunchScreen.storyboard in Resources */,
				CA59D8D7253A7361000D833A /* Assets.xcassets in Resources */,
				CA59D8D5253A735E000D833A /* Main.storyboard in Resources */,
			);
			runOnlyForDeploymentPostprocessing = 0;
		};
/* End PBXResourcesBuildPhase section */

/* Begin PBXSourcesBuildPhase section */
		CA59D8C6253A735E000D833A /* Sources */ = {
			isa = PBXSourcesBuildPhase;
			buildActionMask = 2147483647;
			files = (
				CA59D8ED253A7B2E000D833A /* PostsViewController.swift in Sources */,
				CA59D8CE253A735E000D833A /* AppDelegate.swift in Sources */,
				CA59D8D0253A735E000D833A /* SceneDelegate.swift in Sources */,
				CA59D8F1253A7DEA000D833A /* PostTableViewCell.swift in Sources */,
				CA59D8F5253A8F9D000D833A /* Post.swift in Sources */,
			);
			runOnlyForDeploymentPostprocessing = 0;
		};
/* End PBXSourcesBuildPhase section */

/* Begin PBXVariantGroup section */
		CA59D8D3253A735E000D833A /* Main.storyboard */ = {
			isa = PBXVariantGroup;
			children = (
				CA59D8D4253A735E000D833A /* Base */,
			);
			name = Main.storyboard;
			sourceTree = "<group>";
		};
		CA59D8D8253A7361000D833A /* LaunchScreen.storyboard */ = {
			isa = PBXVariantGroup;
			children = (
				CA59D8D9253A7361000D833A /* Base */,
			);
			name = LaunchScreen.storyboard;
			sourceTree = "<group>";
		};
/* End PBXVariantGroup section */

/* Begin XCBuildConfiguration section */
		CA59D8DC253A7361000D833A /* Debug */ = {
			isa = XCBuildConfiguration;
			buildSettings = {
				ALWAYS_SEARCH_USER_PATHS = NO;
				CLANG_ANALYZER_NONNULL = YES;
				CLANG_ANALYZER_NUMBER_OBJECT_CONVERSION = YES_AGGRESSIVE;
				CLANG_CXX_LANGUAGE_STANDARD = "gnu++14";
				CLANG_CXX_LIBRARY = "libc++";
				CLANG_ENABLE_MODULES = YES;
				CLANG_ENABLE_OBJC_ARC = YES;
				CLANG_ENABLE_OBJC_WEAK = YES;
				CLANG_WARN_BLOCK_CAPTURE_AUTORELEASING = YES;
				CLANG_WARN_BOOL_CONVERSION = YES;
				CLANG_WARN_COMMA = YES;
				CLANG_WARN_CONSTANT_CONVERSION = YES;
				CLANG_WARN_DEPRECATED_OBJC_IMPLEMENTATIONS = YES;
				CLANG_WARN_DIRECT_OBJC_ISA_USAGE = YES_ERROR;
				CLANG_WARN_DOCUMENTATION_COMMENTS = YES;
				CLANG_WARN_EMPTY_BODY = YES;
				CLANG_WARN_ENUM_CONVERSION = YES;
				CLANG_WARN_INFINITE_RECURSION = YES;
				CLANG_WARN_INT_CONVERSION = YES;
				CLANG_WARN_NON_LITERAL_NULL_CONVERSION = YES;
				CLANG_WARN_OBJC_IMPLICIT_RETAIN_SELF = YES;
				CLANG_WARN_OBJC_LITERAL_CONVERSION = YES;
				CLANG_WARN_OBJC_ROOT_CLASS = YES_ERROR;
				CLANG_WARN_QUOTED_INCLUDE_IN_FRAMEWORK_HEADER = YES;
				CLANG_WARN_RANGE_LOOP_ANALYSIS = YES;
				CLANG_WARN_STRICT_PROTOTYPES = YES;
				CLANG_WARN_SUSPICIOUS_MOVE = YES;
				CLANG_WARN_UNGUARDED_AVAILABILITY = YES_AGGRESSIVE;
				CLANG_WARN_UNREACHABLE_CODE = YES;
				CLANG_WARN__DUPLICATE_METHOD_MATCH = YES;
				COPY_PHASE_STRIP = NO;
				DEBUG_INFORMATION_FORMAT = dwarf;
				ENABLE_STRICT_OBJC_MSGSEND = YES;
				ENABLE_TESTABILITY = YES;
				GCC_C_LANGUAGE_STANDARD = gnu11;
				GCC_DYNAMIC_NO_PIC = NO;
				GCC_NO_COMMON_BLOCKS = YES;
				GCC_OPTIMIZATION_LEVEL = 0;
				GCC_PREPROCESSOR_DEFINITIONS = (
					"DEBUG=1",
					"$(inherited)",
				);
				GCC_WARN_64_TO_32_BIT_CONVERSION = YES;
				GCC_WARN_ABOUT_RETURN_TYPE = YES_ERROR;
				GCC_WARN_UNDECLARED_SELECTOR = YES;
				GCC_WARN_UNINITIALIZED_AUTOS = YES_AGGRESSIVE;
				GCC_WARN_UNUSED_FUNCTION = YES;
				GCC_WARN_UNUSED_VARIABLE = YES;
				IPHONEOS_DEPLOYMENT_TARGET = 14.0;
				MTL_ENABLE_DEBUG_INFO = INCLUDE_SOURCE;
				MTL_FAST_MATH = YES;
				ONLY_ACTIVE_ARCH = YES;
				SDKROOT = iphoneos;
				SWIFT_ACTIVE_COMPILATION_CONDITIONS = DEBUG;
				SWIFT_OPTIMIZATION_LEVEL = "-Onone";
			};
			name = Debug;
		};
		CA59D8DD253A7361000D833A /* Release */ = {
			isa = XCBuildConfiguration;
			buildSettings = {
				ALWAYS_SEARCH_USER_PATHS = NO;
				CLANG_ANALYZER_NONNULL = YES;
				CLANG_ANALYZER_NUMBER_OBJECT_CONVERSION = YES_AGGRESSIVE;
				CLANG_CXX_LANGUAGE_STANDARD = "gnu++14";
				CLANG_CXX_LIBRARY = "libc++";
				CLANG_ENABLE_MODULES = YES;
				CLANG_ENABLE_OBJC_ARC = YES;
				CLANG_ENABLE_OBJC_WEAK = YES;
				CLANG_WARN_BLOCK_CAPTURE_AUTORELEASING = YES;
				CLANG_WARN_BOOL_CONVERSION = YES;
				CLANG_WARN_COMMA = YES;
				CLANG_WARN_CONSTANT_CONVERSION = YES;
				CLANG_WARN_DEPRECATED_OBJC_IMPLEMENTATIONS = YES;
				CLANG_WARN_DIRECT_OBJC_ISA_USAGE = YES_ERROR;
				CLANG_WARN_DOCUMENTATION_COMMENTS = YES;
				CLANG_WARN_EMPTY_BODY = YES;
				CLANG_WARN_ENUM_CONVERSION = YES;
				CLANG_WARN_INFINITE_RECURSION = YES;
				CLANG_WARN_INT_CONVERSION = YES;
				CLANG_WARN_NON_LITERAL_NULL_CONVERSION = YES;
				CLANG_WARN_OBJC_IMPLICIT_RETAIN_SELF = YES;
				CLANG_WARN_OBJC_LITERAL_CONVERSION = YES;
				CLANG_WARN_OBJC_ROOT_CLASS = YES_ERROR;
				CLANG_WARN_QUOTED_INCLUDE_IN_FRAMEWORK_HEADER = YES;
				CLANG_WARN_RANGE_LOOP_ANALYSIS = YES;
				CLANG_WARN_STRICT_PROTOTYPES = YES;
				CLANG_WARN_SUSPICIOUS_MOVE = YES;
				CLANG_WARN_UNGUARDED_AVAILABILITY = YES_AGGRESSIVE;
				CLANG_WARN_UNREACHABLE_CODE = YES;
				CLANG_WARN__DUPLICATE_METHOD_MATCH = YES;
				COPY_PHASE_STRIP = NO;
				DEBUG_INFORMATION_FORMAT = "dwarf-with-dsym";
				ENABLE_NS_ASSERTIONS = NO;
				ENABLE_STRICT_OBJC_MSGSEND = YES;
				GCC_C_LANGUAGE_STANDARD = gnu11;
				GCC_NO_COMMON_BLOCKS = YES;
				GCC_WARN_64_TO_32_BIT_CONVERSION = YES;
				GCC_WARN_ABOUT_RETURN_TYPE = YES_ERROR;
				GCC_WARN_UNDECLARED_SELECTOR = YES;
				GCC_WARN_UNINITIALIZED_AUTOS = YES_AGGRESSIVE;
				GCC_WARN_UNUSED_FUNCTION = YES;
				GCC_WARN_UNUSED_VARIABLE = YES;
				IPHONEOS_DEPLOYMENT_TARGET = 14.0;
				MTL_ENABLE_DEBUG_INFO = NO;
				MTL_FAST_MATH = YES;
				SDKROOT = iphoneos;
				SWIFT_COMPILATION_MODE = wholemodule;
				SWIFT_OPTIMIZATION_LEVEL = "-O";
				VALIDATE_PRODUCT = YES;
			};
			name = Release;
		};
		CA59D8DF253A7361000D833A /* Debug */ = {
			isa = XCBuildConfiguration;
			buildSettings = {
				ASSETCATALOG_COMPILER_APPICON_NAME = AppIcon;
				ASSETCATALOG_COMPILER_GLOBAL_ACCENT_COLOR_NAME = AccentColor;
				CODE_SIGN_STYLE = Automatic;
				DEVELOPMENT_TEAM = 6Z935KW5GG;
				INFOPLIST_FILE = HackerNewsReader/Info.plist;
				LD_RUNPATH_SEARCH_PATHS = (
					"$(inherited)",
					"@executable_path/Frameworks",
				);
				PRODUCT_BUNDLE_IDENTIFIER = cl.cgr.HackerNewsReader;
				PRODUCT_NAME = "$(TARGET_NAME)";
				SWIFT_VERSION = 5.0;
				TARGETED_DEVICE_FAMILY = "1,2";
			};
			name = Debug;
		};
		CA59D8E0253A7361000D833A /* Release */ = {
			isa = XCBuildConfiguration;
			buildSettings = {
				ASSETCATALOG_COMPILER_APPICON_NAME = AppIcon;
				ASSETCATALOG_COMPILER_GLOBAL_ACCENT_COLOR_NAME = AccentColor;
				CODE_SIGN_STYLE = Automatic;
				DEVELOPMENT_TEAM = 6Z935KW5GG;
				INFOPLIST_FILE = HackerNewsReader/Info.plist;
				LD_RUNPATH_SEARCH_PATHS = (
					"$(inherited)",
					"@executable_path/Frameworks",
				);
				PRODUCT_BUNDLE_IDENTIFIER = cl.cgr.HackerNewsReader;
				PRODUCT_NAME = "$(TARGET_NAME)";
				SWIFT_VERSION = 5.0;
				TARGETED_DEVICE_FAMILY = "1,2";
			};
			name = Release;
		};
/* End XCBuildConfiguration section */

/* Begin XCConfigurationList section */
		CA59D8C5253A735E000D833A /* Build configuration list for PBXProject "HackerNewsReader" */ = {
			isa = XCConfigurationList;
			buildConfigurations = (
				CA59D8DC253A7361000D833A /* Debug */,
				CA59D8DD253A7361000D833A /* Release */,
			);
			defaultConfigurationIsVisible = 0;
			defaultConfigurationName = Release;
		};
		CA59D8DE253A7361000D833A /* Build configuration list for PBXNativeTarget "HackerNewsReader" */ = {
			isa = XCConfigurationList;
			buildConfigurations = (
				CA59D8DF253A7361000D833A /* Debug */,
				CA59D8E0253A7361000D833A /* Release */,
			);
			defaultConfigurationIsVisible = 0;
			defaultConfigurationName = Release;
		};
/* End XCConfigurationList section */
	};
	rootObject = CA59D8C2253A735E000D833A /* Project object */;
}
